// !$*UTF8*$!
{
	archiveVersion = 1;
	classes = {
	};
	objectVersion = 46;
	objects = {

/* Begin PBXBuildFile section */
		DC2050A91D067B1000CBAA52 /* AppDelegate.swift in Sources */ = {isa = PBXBuildFile; fileRef = DC2050A81D067B1000CBAA52 /* AppDelegate.swift */; };
		DC2050AB1D067B1000CBAA52 /* ViewController.swift in Sources */ = {isa = PBXBuildFile; fileRef = DC2050AA1D067B1000CBAA52 /* ViewController.swift */; };
		DC2050AE1D067B1000CBAA52 /* Main.storyboard in Resources */ = {isa = PBXBuildFile; fileRef = DC2050AC1D067B1000CBAA52 /* Main.storyboard */; };
		DC2050B01D067B1000CBAA52 /* Assets.xcassets in Resources */ = {isa = PBXBuildFile; fileRef = DC2050AF1D067B1000CBAA52 /* Assets.xcassets */; };
		DC2050BE1D067B1000CBAA52 /* Just_the_TipTests.swift in Sources */ = {isa = PBXBuildFile; fileRef = DC2050BD1D067B1000CBAA52 /* Just_the_TipTests.swift */; };
		DC2050C91D067B1000CBAA52 /* Just_the_TipUITests.swift in Sources */ = {isa = PBXBuildFile; fileRef = DC2050C81D067B1000CBAA52 /* Just_the_TipUITests.swift */; };
		DC3D6A8A1D4BF9BB00D35681 /* JustTheTipScaled-568h@2x.png in Resources */ = {isa = PBXBuildFile; fileRef = DC3D6A891D4BF9BB00D35681 /* JustTheTipScaled-568h@2x.png */; };
		DCB4BFBA1D0A955D00D82804 /* SettingsViewController.swift in Sources */ = {isa = PBXBuildFile; fileRef = DCB4BFB91D0A955D00D82804 /* SettingsViewController.swift */; };
/* End PBXBuildFile section */

/* Begin PBXContainerItemProxy section */
		DC2050BA1D067B1000CBAA52 /* PBXContainerItemProxy */ = {
			isa = PBXContainerItemProxy;
			containerPortal = DC20509D1D067B1000CBAA52 /* Project object */;
			proxyType = 1;
			remoteGlobalIDString = DC2050A41D067B1000CBAA52;
			remoteInfo = "Just the Tip";
		};
		DC2050C51D067B1000CBAA52 /* PBXContainerItemProxy */ = {
			isa = PBXContainerItemProxy;
			containerPortal = DC20509D1D067B1000CBAA52 /* Project object */;
			proxyType = 1;
			remoteGlobalIDString = DC2050A41D067B1000CBAA52;
			remoteInfo = "Just the Tip";
		};
/* End PBXContainerItemProxy section */

/* Begin PBXFileReference section */
		DC2050A51D067B1000CBAA52 /* Just the Tip.app */ = {isa = PBXFileReference; explicitFileType = wrapper.application; includeInIndex = 0; path = "Just the Tip.app"; sourceTree = BUILT_PRODUCTS_DIR; };
		DC2050A81D067B1000CBAA52 /* AppDelegate.swift */ = {isa = PBXFileReference; lastKnownFileType = sourcecode.swift; path = AppDelegate.swift; sourceTree = "<group>"; };
		DC2050AA1D067B1000CBAA52 /* ViewController.swift */ = {isa = PBXFileReference; lastKnownFileType = sourcecode.swift; path = ViewController.swift; sourceTree = "<group>"; };
		DC2050AD1D067B1000CBAA52 /* Base */ = {isa = PBXFileReference; lastKnownFileType = file.storyboard; name = Base; path = Base.lproj/Main.storyboard; sourceTree = "<group>"; };
		DC2050AF1D067B1000CBAA52 /* Assets.xcassets */ = {isa = PBXFileReference; lastKnownFileType = folder.assetcatalog; path = Assets.xcassets; sourceTree = "<group>"; };
		DC2050B41D067B1000CBAA52 /* Info.plist */ = {isa = PBXFileReference; lastKnownFileType = text.plist.xml; path = Info.plist; sourceTree = "<group>"; };
		DC2050B91D067B1000CBAA52 /* Just the TipTests.xctest */ = {isa = PBXFileReference; explicitFileType = wrapper.cfbundle; includeInIndex = 0; path = "Just the TipTests.xctest"; sourceTree = BUILT_PRODUCTS_DIR; };
		DC2050BD1D067B1000CBAA52 /* Just_the_TipTests.swift */ = {isa = PBXFileReference; lastKnownFileType = sourcecode.swift; path = Just_the_TipTests.swift; sourceTree = "<group>"; };
		DC2050BF1D067B1000CBAA52 /* Info.plist */ = {isa = PBXFileReference; lastKnownFileType = text.plist.xml; path = Info.plist; sourceTree = "<group>"; };
		DC2050C41D067B1000CBAA52 /* Just the TipUITests.xctest */ = {isa = PBXFileReference; explicitFileType = wrapper.cfbundle; includeInIndex = 0; path = "Just the TipUITests.xctest"; sourceTree = BUILT_PRODUCTS_DIR; };
		DC2050C81D067B1000CBAA52 /* Just_the_TipUITests.swift */ = {isa = PBXFileReference; lastKnownFileType = sourcecode.swift; path = Just_the_TipUITests.swift; sourceTree = "<group>"; };
		DC2050CA1D067B1000CBAA52 /* Info.plist */ = {isa = PBXFileReference; lastKnownFileType = text.plist.xml; path = Info.plist; sourceTree = "<group>"; };
		DC3D6A891D4BF9BB00D35681 /* JustTheTipScaled-568h@2x.png */ = {isa = PBXFileReference; lastKnownFileType = image.png; path = "JustTheTipScaled-568h@2x.png"; sourceTree = "<group>"; };
		DCB4BFB91D0A955D00D82804 /* SettingsViewController.swift */ = {isa = PBXFileReference; fileEncoding = 4; lastKnownFileType = sourcecode.swift; path = SettingsViewController.swift; sourceTree = "<group>"; };
/* End PBXFileReference section */

/* Begin PBXFrameworksBuildPhase section */
		DC2050A21D067B1000CBAA52 /* Frameworks */ = {
			isa = PBXFrameworksBuildPhase;
			buildActionMask = 2147483647;
			files = (
			);
			runOnlyForDeploymentPostprocessing = 0;
		};
		DC2050B61D067B1000CBAA52 /* Frameworks */ = {
			isa = PBXFrameworksBuildPhase;
			buildActionMask = 2147483647;
			files = (
			);
			runOnlyForDeploymentPostprocessing = 0;
		};
		DC2050C11D067B1000CBAA52 /* Frameworks */ = {
			isa = PBXFrameworksBuildPhase;
			buildActionMask = 2147483647;
			files = (
			);
			runOnlyForDeploymentPostprocessing = 0;
		};
/* End PBXFrameworksBuildPhase section */

/* Begin PBXGroup section */
		DC20509C1D067B1000CBAA52 = {
			isa = PBXGroup;
			children = (
				DC3D6A891D4BF9BB00D35681 /* JustTheTipScaled-568h@2x.png */,
				DC2050A71D067B1000CBAA52 /* Just the Tip */,
				DC2050BC1D067B1000CBAA52 /* Just the TipTests */,
				DC2050C71D067B1000CBAA52 /* Just the TipUITests */,
				DC2050A61D067B1000CBAA52 /* Products */,
			);
			sourceTree = "<group>";
		};
		DC2050A61D067B1000CBAA52 /* Products */ = {
			isa = PBXGroup;
			children = (
				DC2050A51D067B1000CBAA52 /* Just the Tip.app */,
				DC2050B91D067B1000CBAA52 /* Just the TipTests.xctest */,
				DC2050C41D067B1000CBAA52 /* Just the TipUITests.xctest */,
			);
			name = Products;
			sourceTree = "<group>";
		};
		DC2050A71D067B1000CBAA52 /* Just the Tip */ = {
			isa = PBXGroup;
			children = (
				DCB4BFBB1D0A95BD00D82804 /* View Controllers */,
				DC2050A81D067B1000CBAA52 /* AppDelegate.swift */,
				DC2050AA1D067B1000CBAA52 /* ViewController.swift */,
				DC2050AC1D067B1000CBAA52 /* Main.storyboard */,
				DC2050AF1D067B1000CBAA52 /* Assets.xcassets */,
				DC2050B41D067B1000CBAA52 /* Info.plist */,
			);
			path = "Just the Tip";
			sourceTree = "<group>";
		};
		DC2050BC1D067B1000CBAA52 /* Just the TipTests */ = {
			isa = PBXGroup;
			children = (
				DC2050BD1D067B1000CBAA52 /* Just_the_TipTests.swift */,
				DC2050BF1D067B1000CBAA52 /* Info.plist */,
			);
			path = "Just the TipTests";
			sourceTree = "<group>";
		};
		DC2050C71D067B1000CBAA52 /* Just the TipUITests */ = {
			isa = PBXGroup;
			children = (
				DC2050C81D067B1000CBAA52 /* Just_the_TipUITests.swift */,
				DC2050CA1D067B1000CBAA52 /* Info.plist */,
			);
			path = "Just the TipUITests";
			sourceTree = "<group>";
		};
		DCB4BFBB1D0A95BD00D82804 /* View Controllers */ = {
			isa = PBXGroup;
			children = (
				DCB4BFB91D0A955D00D82804 /* SettingsViewController.swift */,
			);
			name = "View Controllers";
			sourceTree = "<group>";
		};
/* End PBXGroup section */

/* Begin PBXNativeTarget section */
		DC2050A41D067B1000CBAA52 /* Just the Tip */ = {
			isa = PBXNativeTarget;
			buildConfigurationList = DC2050CD1D067B1000CBAA52 /* Build configuration list for PBXNativeTarget "Just the Tip" */;
			buildPhases = (
				DC2050A11D067B1000CBAA52 /* Sources */,
				DC2050A21D067B1000CBAA52 /* Frameworks */,
				DC2050A31D067B1000CBAA52 /* Resources */,
			);
			buildRules = (
			);
			dependencies = (
			);
			name = "Just the Tip";
			productName = "Just the Tip";
			productReference = DC2050A51D067B1000CBAA52 /* Just the Tip.app */;
			productType = "com.apple.product-type.application";
		};
		DC2050B81D067B1000CBAA52 /* Just the TipTests */ = {
			isa = PBXNativeTarget;
			buildConfigurationList = DC2050D01D067B1000CBAA52 /* Build configuration list for PBXNativeTarget "Just the TipTests" */;
			buildPhases = (
				DC2050B51D067B1000CBAA52 /* Sources */,
				DC2050B61D067B1000CBAA52 /* Frameworks */,
				DC2050B71D067B1000CBAA52 /* Resources */,
			);
			buildRules = (
			);
			dependencies = (
				DC2050BB1D067B1000CBAA52 /* PBXTargetDependency */,
			);
			name = "Just the TipTests";
			productName = "Just the TipTests";
			productReference = DC2050B91D067B1000CBAA52 /* Just the TipTests.xctest */;
			productType = "com.apple.product-type.bundle.unit-test";
		};
		DC2050C31D067B1000CBAA52 /* Just the TipUITests */ = {
			isa = PBXNativeTarget;
			buildConfigurationList = DC2050D31D067B1000CBAA52 /* Build configuration list for PBXNativeTarget "Just the TipUITests" */;
			buildPhases = (
				DC2050C01D067B1000CBAA52 /* Sources */,
				DC2050C11D067B1000CBAA52 /* Frameworks */,
				DC2050C21D067B1000CBAA52 /* Resources */,
			);
			buildRules = (
			);
			dependencies = (
				DC2050C61D067B1000CBAA52 /* PBXTargetDependency */,
			);
			name = "Just the TipUITests";
			productName = "Just the TipUITests";
			productReference = DC2050C41D067B1000CBAA52 /* Just the TipUITests.xctest */;
			productType = "com.apple.product-type.bundle.ui-testing";
		};
/* End PBXNativeTarget section */

/* Begin PBXProject section */
		DC20509D1D067B1000CBAA52 /* Project object */ = {
			isa = PBXProject;
			attributes = {
				LastSwiftUpdateCheck = 0730;
				LastUpgradeCheck = 0730;
				ORGANIZATIONNAME = "Stephen Chudleigh";
				TargetAttributes = {
					DC2050A41D067B1000CBAA52 = {
						CreatedOnToolsVersion = 7.3.1;
					};
					DC2050B81D067B1000CBAA52 = {
						CreatedOnToolsVersion = 7.3.1;
						TestTargetID = DC2050A41D067B1000CBAA52;
					};
					DC2050C31D067B1000CBAA52 = {
						CreatedOnToolsVersion = 7.3.1;
						TestTargetID = DC2050A41D067B1000CBAA52;
					};
				};
			};
			buildConfigurationList = DC2050A01D067B1000CBAA52 /* Build configuration list for PBXProject "Just the Tip" */;
			compatibilityVersion = "Xcode 3.2";
			developmentRegion = English;
			hasScannedForEncodings = 0;
			knownRegions = (
				en,
				Base,
			);
			mainGroup = DC20509C1D067B1000CBAA52;
			productRefGroup = DC2050A61D067B1000CBAA52 /* Products */;
			projectDirPath = "";
			projectRoot = "";
			targets = (
				DC2050A41D067B1000CBAA52 /* Just the Tip */,
				DC2050B81D067B1000CBAA52 /* Just the TipTests */,
				DC2050C31D067B1000CBAA52 /* Just the TipUITests */,
			);
		};
/* End PBXProject section */

/* Begin PBXResourcesBuildPhase section */
		DC2050A31D067B1000CBAA52 /* Resources */ = {
			isa = PBXResourcesBuildPhase;
			buildActionMask = 2147483647;
			files = (
				DC2050B01D067B1000CBAA52 /* Assets.xcassets in Resources */,
				DC2050AE1D067B1000CBAA52 /* Main.storyboard in Resources */,
				DC3D6A8A1D4BF9BB00D35681 /* JustTheTipScaled-568h@2x.png in Resources */,
			);
			runOnlyForDeploymentPostprocessing = 0;
		};
		DC2050B71D067B1000CBAA52 /* Resources */ = {
			isa = PBXResourcesBuildPhase;
			buildActionMask = 2147483647;
			files = (
			);
			runOnlyForDeploymentPostprocessing = 0;
		};
		DC2050C21D067B1000CBAA52 /* Resources */ = {
			isa = PBXResourcesBuildPhase;
			buildActionMask = 2147483647;
			files = (
			);
			runOnlyForDeploymentPostprocessing = 0;
		};
/* End PBXResourcesBuildPhase section */

/* Begin PBXSourcesBuildPhase section */
		DC2050A11D067B1000CBAA52 /* Sources */ = {
			isa = PBXSourcesBuildPhase;
			buildActionMask = 2147483647;
			files = (
				DC2050AB1D067B1000CBAA52 /* ViewController.swift in Sources */,
				DC2050A91D067B1000CBAA52 /* AppDelegate.swift in Sources */,
				DCB4BFBA1D0A955D00D82804 /* SettingsViewController.swift in Sources */,
			);
			runOnlyForDeploymentPostprocessing = 0;
		};
		DC2050B51D067B1000CBAA52 /* Sources */ = {
			isa = PBXSourcesBuildPhase;
			buildActionMask = 2147483647;
			files = (
				DC2050BE1D067B1000CBAA52 /* Just_the_TipTests.swift in Sources */,
			);
			runOnlyForDeploymentPostprocessing = 0;
		};
		DC2050C01D067B1000CBAA52 /* Sources */ = {
			isa = PBXSourcesBuildPhase;
			buildActionMask = 2147483647;
			files = (
				DC2050C91D067B1000CBAA52 /* Just_the_TipUITests.swift in Sources */,
			);
			runOnlyForDeploymentPostprocessing = 0;
		};
/* End PBXSourcesBuildPhase section */

/* Begin PBXTargetDependency section */
		DC2050BB1D067B1000CBAA52 /* PBXTargetDependency */ = {
			isa = PBXTargetDependency;
			target = DC2050A41D067B1000CBAA52 /* Just the Tip */;
			targetProxy = DC2050BA1D067B1000CBAA52 /* PBXContainerItemProxy */;
		};
		DC2050C61D067B1000CBAA52 /* PBXTargetDependency */ = {
			isa = PBXTargetDependency;
			target = DC2050A41D067B1000CBAA52 /* Just the Tip */;
			targetProxy = DC2050C51D067B1000CBAA52 /* PBXContainerItemProxy */;
		};
/* End PBXTargetDependency section */

/* Begin PBXVariantGroup section */
		DC2050AC1D067B1000CBAA52 /* Main.storyboard */ = {
			isa = PBXVariantGroup;
			children = (
				DC2050AD1D067B1000CBAA52 /* Base */,
			);
			name = Main.storyboard;
			sourceTree = "<group>";
		};
/* End PBXVariantGroup section */

/* Begin XCBuildConfiguration section */
		DC2050CB1D067B1000CBAA52 /* Debug */ = {
			isa = XCBuildConfiguration;
			buildSettings = {
				ALWAYS_SEARCH_USER_PATHS = NO;
				CLANG_ANALYZER_NONNULL = YES;
				CLANG_CXX_LANGUAGE_STANDARD = "gnu++0x";
				CLANG_CXX_LIBRARY = "libc++";
				CLANG_ENABLE_MODULES = YES;
				CLANG_ENABLE_OBJC_ARC = YES;
				CLANG_WARN_BOOL_CONVERSION = YES;
				CLANG_WARN_CONSTANT_CONVERSION = YES;
				CLANG_WARN_DIRECT_OBJC_ISA_USAGE = YES_ERROR;
				CLANG_WARN_EMPTY_BODY = YES;
				CLANG_WARN_ENUM_CONVERSION = YES;
				CLANG_WARN_INT_CONVERSION = YES;
				CLANG_WARN_OBJC_ROOT_CLASS = YES_ERROR;
				CLANG_WARN_UNREACHABLE_CODE = YES;
				CLANG_WARN__DUPLICATE_METHOD_MATCH = YES;
				"CODE_SIGN_IDENTITY[sdk=iphoneos*]" = "iPhone Developer";
				COPY_PHASE_STRIP = NO;
				DEBUG_INFORMATION_FORMAT = dwarf;
				ENABLE_STRICT_OBJC_MSGSEND = YES;
				ENABLE_TESTABILITY = YES;
				GCC_C_LANGUAGE_STANDARD = gnu99;
				GCC_DYNAMIC_NO_PIC = NO;
				GCC_NO_COMMON_BLOCKS = YES;
				GCC_OPTIMIZATION_LEVEL = 0;
				GCC_PREPROCESSOR_DEFINITIONS = (
					"DEBUG=1",
					"$(inherited)",
				);
				GCC_WARN_64_TO_32_BIT_CONVERSION = YES;
				GCC_WARN_ABOUT_RETURN_TYPE = YES_ERROR;
				GCC_WARN_UNDECLARED_SELECTOR = YES;
				GCC_WARN_UNINITIALIZED_AUTOS = YES_AGGRESSIVE;
				GCC_WARN_UNUSED_FUNCTION = YES;
				GCC_WARN_UNUSED_VARIABLE = YES;
				IPHONEOS_DEPLOYMENT_TARGET = 9.3;
				MTL_ENABLE_DEBUG_INFO = YES;
				ONLY_ACTIVE_ARCH = YES;
				SDKROOT = iphoneos;
				SWIFT_OPTIMIZATION_LEVEL = "-Onone";
				TARGETED_DEVICE_FAMILY = "1,2";
			};
			name = Debug;
		};
		DC2050CC1D067B1000CBAA52 /* Release */ = {
			isa = XCBuildConfiguration;
			buildSettings = {
				ALWAYS_SEARCH_USER_PATHS = NO;
				CLANG_ANALYZER_NONNULL = YES;
				CLANG_CXX_LANGUAGE_STANDARD = "gnu++0x";
				CLANG_CXX_LIBRARY = "libc++";
				CLANG_ENABLE_MODULES = YES;
				CLANG_ENABLE_OBJC_ARC = YES;
				CLANG_WARN_BOOL_CONVERSION = YES;
				CLANG_WARN_CONSTANT_CONVERSION = YES;
				CLANG_WARN_DIRECT_OBJC_ISA_USAGE = YES_ERROR;
				CLANG_WARN_EMPTY_BODY = YES;
				CLANG_WARN_ENUM_CONVERSION = YES;
				CLANG_WARN_INT_CONVERSION = YES;
				CLANG_WARN_OBJC_ROOT_CLASS = YES_ERROR;
				CLANG_WARN_UNREACHABLE_CODE = YES;
				CLANG_WARN__DUPLICATE_METHOD_MATCH = YES;
				"CODE_SIGN_IDENTITY[sdk=iphoneos*]" = "iPhone Developer";
				COPY_PHASE_STRIP = NO;
				DEBUG_INFORMATION_FORMAT = "dwarf-with-dsym";
				ENABLE_NS_ASSERTIONS = NO;
				ENABLE_STRICT_OBJC_MSGSEND = YES;
				GCC_C_LANGUAGE_STANDARD = gnu99;
				GCC_NO_COMMON_BLOCKS = YES;
				GCC_WARN_64_TO_32_BIT_CONVERSION = YES;
				GCC_WARN_ABOUT_RETURN_TYPE = YES_ERROR;
				GCC_WARN_UNDECLARED_SELECTOR = YES;
				GCC_WARN_UNINITIALIZED_AUTOS = YES_AGGRESSIVE;
				GCC_WARN_UNUSED_FUNCTION = YES;
				GCC_WARN_UNUSED_VARIABLE = YES;
				IPHONEOS_DEPLOYMENT_TARGET = 9.3;
				MTL_ENABLE_DEBUG_INFO = NO;
				SDKROOT = iphoneos;
				TARGETED_DEVICE_FAMILY = "1,2";
				VALIDATE_PRODUCT = YES;
			};
			name = Release;
		};
		DC2050CE1D067B1000CBAA52 /* Debug */ = {
			isa = XCBuildConfiguration;
			buildSettings = {
				ASSETCATALOG_COMPILER_APPICON_NAME = AppIcon;
				ASSETCATALOG_COMPILER_LAUNCHIMAGE_NAME = LaunchImage;
				INFOPLIST_FILE = "Just the Tip/Info.plist";
				LD_RUNPATH_SEARCH_PATHS = "$(inherited) @executable_path/Frameworks";
				PRODUCT_BUNDLE_IDENTIFIER = "stepchud-s-greatest-ideas.Just-the-Tip";
				PRODUCT_NAME = "$(TARGET_NAME)";
			};
			name = Debug;
		};
		DC2050CF1D067B1000CBAA52 /* Release */ = {
			isa = XCBuildConfiguration;
			buildSettings = {
				ASSETCATALOG_COMPILER_APPICON_NAME = AppIcon;
				ASSETCATALOG_COMPILER_LAUNCHIMAGE_NAME = LaunchImage;
				INFOPLIST_FILE = "Just the Tip/Info.plist";
				LD_RUNPATH_SEARCH_PATHS = "$(inherited) @executable_path/Frameworks";
				PRODUCT_BUNDLE_IDENTIFIER = "stepchud-s-greatest-ideas.Just-the-Tip";
				PRODUCT_NAME = "$(TARGET_NAME)";
			};
			name = Release;
		};
		DC2050D11D067B1000CBAA52 /* Debug */ = {
			isa = XCBuildConfiguration;
			buildSettings = {
				BUNDLE_LOADER = "$(TEST_HOST)";
				INFOPLIST_FILE = "Just the TipTests/Info.plist";
				LD_RUNPATH_SEARCH_PATHS = "$(inherited) @executable_path/Frameworks @loader_path/Frameworks";
				PRODUCT_BUNDLE_IDENTIFIER = "stepchud-s-greatest-ideas.Just-the-TipTests";
				PRODUCT_NAME = "$(TARGET_NAME)";
				TEST_HOST = "$(BUILT_PRODUCTS_DIR)/Just the Tip.app/Just the Tip";
			};
			name = Debug;
		};
		DC2050D21D067B1000CBAA52 /* Release */ = {
			isa = XCBuildConfiguration;
			buildSettings = {
				BUNDLE_LOADER = "$(TEST_HOST)";
				INFOPLIST_FILE = "Just the TipTests/Info.plist";
				LD_RUNPATH_SEARCH_PATHS = "$(inherited) @executable_path/Frameworks @loader_path/Frameworks";
				PRODUCT_BUNDLE_IDENTIFIER = "stepchud-s-greatest-ideas.Just-the-TipTests";
				PRODUCT_NAME = "$(TARGET_NAME)";
				TEST_HOST = "$(BUILT_PRODUCTS_DIR)/Just the Tip.app/Just the Tip";
			};
			name = Release;
		};
		DC2050D41D067B1000CBAA52 /* Debug */ = {
			isa = XCBuildConfiguration;
			buildSettings = {
				INFOPLIST_FILE = "Just the TipUITests/Info.plist";
				LD_RUNPATH_SEARCH_PATHS = "$(inherited) @executable_path/Frameworks @loader_path/Frameworks";
				PRODUCT_BUNDLE_IDENTIFIER = "stepchud-s-greatest-ideas.Just-the-TipUITests";
				PRODUCT_NAME = "$(TARGET_NAME)";
				TEST_TARGET_NAME = "Just the Tip";
			};
			name = Debug;
		};
		DC2050D51D067B1000CBAA52 /* Release */ = {
			isa = XCBuildConfiguration;
			buildSettings = {
				INFOPLIST_FILE = "Just the TipUITests/Info.plist";
				LD_RUNPATH_SEARCH_PATHS = "$(inherited) @executable_path/Frameworks @loader_path/Frameworks";
				PRODUCT_BUNDLE_IDENTIFIER = "stepchud-s-greatest-ideas.Just-the-TipUITests";
				PRODUCT_NAME = "$(TARGET_NAME)";
				TEST_TARGET_NAME = "Just the Tip";
			};
			name = Release;
		};
/* End XCBuildConfiguration section */

/* Begin XCConfigurationList section */
		DC2050A01D067B1000CBAA52 /* Build configuration list for PBXProject "Just the Tip" */ = {
			isa = XCConfigurationList;
			buildConfigurations = (
				DC2050CB1D067B1000CBAA52 /* Debug */,
				DC2050CC1D067B1000CBAA52 /* Release */,
			);
			defaultConfigurationIsVisible = 0;
			defaultConfigurationName = Release;
		};
		DC2050CD1D067B1000CBAA52 /* Build configuration list for PBXNativeTarget "Just the Tip" */ = {
			isa = XCConfigurationList;
			buildConfigurations = (
				DC2050CE1D067B1000CBAA52 /* Debug */,
				DC2050CF1D067B1000CBAA52 /* Release */,
			);
			defaultConfigurationIsVisible = 0;
			defaultConfigurationName = Release;
		};
		DC2050D01D067B1000CBAA52 /* Build configuration list for PBXNativeTarget "Just the TipTests" */ = {
			isa = XCConfigurationList;
			buildConfigurations = (
				DC2050D11D067B1000CBAA52 /* Debug */,
				DC2050D21D067B1000CBAA52 /* Release */,
			);
			defaultConfigurationIsVisible = 0;
			defaultConfigurationName = Release;
		};
		DC2050D31D067B1000CBAA52 /* Build configuration list for PBXNativeTarget "Just the TipUITests" */ = {
			isa = XCConfigurationList;
			buildConfigurations = (
				DC2050D41D067B1000CBAA52 /* Debug */,
				DC2050D51D067B1000CBAA52 /* Release */,
			);
			defaultConfigurationIsVisible = 0;
			defaultConfigurationName = Release;
		};
/* End XCConfigurationList section */
	};
	rootObject = DC20509D1D067B1000CBAA52 /* Project object */;
}
